
Microsoft Visual Studio Solution File, Format Version 12.00
# Visual Studio Version 17
VisualStudioVersion = 17.0.31903.59
MinimumVisualStudioVersion = 10.0.40219.1
Project("{2150E333-8FDC-42A3-9474-1A3956D46DE8}") = "src", "src", "{6209C30F-28C5-401C-B11A-F72A37E01C0C}"
EndProject
Project("{FAE04EC0-301F-11D3-BF4B-00C04F79EFBC}") = "GetSecure.Core", "src\GetSecure.Core\GetSecure.Core.csproj", "{FB31899E-4773-496F-AAEE-0D3C0E9D060F}"
EndProject
Project("{FAE04EC0-301F-11D3-BF4B-00C04F79EFBC}") = "GetSecure.CLI", "src\GetSecure.CLI\GetSecure.CLI.csproj", "{BD314A9A-E594-4BB0-8666-CDDDBD5290DB}"
EndProject
Global
	GlobalSection(SolutionConfigurationPlatforms) = preSolution
		Debug|Any CPU = Debug|Any CPU
		Release|Any CPU = Release|Any CPU
	EndGlobalSection
	GlobalSection(SolutionProperties) = preSolution
		HideSolutionNode = FALSE
	EndGlobalSection
	GlobalSection(ProjectConfigurationPlatforms) = postSolution
		{FB31899E-4773-496F-AAEE-0D3C0E9D060F}.Debug|Any CPU.ActiveCfg = Debug|Any CPU
		{FB31899E-4773-496F-AAEE-0D3C0E9D060F}.Debug|Any CPU.Build.0 = Debug|Any CPU
		{FB31899E-4773-496F-AAEE-0D3C0E9D060F}.Release|Any CPU.ActiveCfg = Release|Any CPU
		{FB31899E-4773-496F-AAEE-0D3C0E9D060F}.Release|Any CPU.Build.0 = Release|Any CPU
		{BD314A9A-E594-4BB0-8666-CDDDBD5290DB}.Debug|Any CPU.ActiveCfg = Debug|Any CPU
		{BD314A9A-E594-4BB0-8666-CDDDBD5290DB}.Debug|Any CPU.Build.0 = Debug|Any CPU
		{BD314A9A-E594-4BB0-8666-CDDDBD5290DB}.Release|Any CPU.ActiveCfg = Release|Any CPU
		{BD314A9A-E594-4BB0-8666-CDDDBD5290DB}.Release|Any CPU.Build.0 = Release|Any CPU
	EndGlobalSection
	GlobalSection(NestedProjects) = preSolution
		{FB31899E-4773-496F-AAEE-0D3C0E9D060F} = {6209C30F-28C5-401C-B11A-F72A37E01C0C}
		{BD314A9A-E594-4BB0-8666-CDDDBD5290DB} = {6209C30F-28C5-401C-B11A-F72A37E01C0C}
	EndGlobalSection
EndGlobal
